
Microsoft Visual Studio Solution File, Format Version 12.00
# Visual Studio Version 16
VisualStudioVersion = 16.0.30611.23
MinimumVisualStudioVersion = 10.0.40219.1
Project("{00D1A9C2-B5F0-4AF3-8072-F6C62B433612}") = "sql control 2020", "sql control 2020\sql control 2020.sqlproj", "{8D3C7DD7-AD86-4D91-83CB-AA54C9EA7C5E}"
EndProject
Project("{159641D6-6404-4A2A-AE62-294DE0FE8301}") = "Control 2020", "Control 2020\Control 2020.dtproj", "{FCB72E61-F998-40D9-A256-363870AFB60B}"
EndProject
Project("{D2ABAB84-BF74-430A-B69E-9DC6D40DDA17}") = "Cubo", "Cubo\Cubo.dwproj", "{F6D3FE9F-1E7E-4FA9-B2FC-9FF205BA4EBE}"
EndProject
Global
	GlobalSection(SolutionConfigurationPlatforms) = preSolution
		Debug|Any CPU = Debug|Any CPU
		Dev ds192|Any CPU = Dev ds192|Any CPU
		Development|Any CPU = Development|Any CPU
		Release|Any CPU = Release|Any CPU
	EndGlobalSection
	GlobalSection(ProjectConfigurationPlatforms) = postSolution
		{8D3C7DD7-AD86-4D91-83CB-AA54C9EA7C5E}.Debug|Any CPU.ActiveCfg = Debug|Any CPU
		{8D3C7DD7-AD86-4D91-83CB-AA54C9EA7C5E}.Debug|Any CPU.Build.0 = Debug|Any CPU
		{8D3C7DD7-AD86-4D91-83CB-AA54C9EA7C5E}.Debug|Any CPU.Deploy.0 = Debug|Any CPU
		{8D3C7DD7-AD86-4D91-83CB-AA54C9EA7C5E}.Dev ds192|Any CPU.ActiveCfg = Dev ds192|Any CPU
		{8D3C7DD7-AD86-4D91-83CB-AA54C9EA7C5E}.Dev ds192|Any CPU.Build.0 = Dev ds192|Any CPU
		{8D3C7DD7-AD86-4D91-83CB-AA54C9EA7C5E}.Dev ds192|Any CPU.Deploy.0 = Dev ds192|Any CPU
		{8D3C7DD7-AD86-4D91-83CB-AA54C9EA7C5E}.Development|Any CPU.ActiveCfg = Debug|Any CPU
		{8D3C7DD7-AD86-4D91-83CB-AA54C9EA7C5E}.Development|Any CPU.Build.0 = Debug|Any CPU
		{8D3C7DD7-AD86-4D91-83CB-AA54C9EA7C5E}.Development|Any CPU.Deploy.0 = Debug|Any CPU
		{8D3C7DD7-AD86-4D91-83CB-AA54C9EA7C5E}.Release|Any CPU.ActiveCfg = Release|Any CPU
		{8D3C7DD7-AD86-4D91-83CB-AA54C9EA7C5E}.Release|Any CPU.Build.0 = Release|Any CPU
		{8D3C7DD7-AD86-4D91-83CB-AA54C9EA7C5E}.Release|Any CPU.Deploy.0 = Release|Any CPU
		{FCB72E61-F998-40D9-A256-363870AFB60B}.Debug|Any CPU.ActiveCfg = Development
		{FCB72E61-F998-40D9-A256-363870AFB60B}.Debug|Any CPU.Build.0 = Development
		{FCB72E61-F998-40D9-A256-363870AFB60B}.Dev ds192|Any CPU.ActiveCfg = Dev ds192
		{FCB72E61-F998-40D9-A256-363870AFB60B}.Dev ds192|Any CPU.Build.0 = Dev ds192
		{FCB72E61-F998-40D9-A256-363870AFB60B}.Development|Any CPU.ActiveCfg = Development
		{FCB72E61-F998-40D9-A256-363870AFB60B}.Development|Any CPU.Build.0 = Development
		{FCB72E61-F998-40D9-A256-363870AFB60B}.Release|Any CPU.ActiveCfg = Development
		{FCB72E61-F998-40D9-A256-363870AFB60B}.Release|Any CPU.Build.0 = Development
		{F6D3FE9F-1E7E-4FA9-B2FC-9FF205BA4EBE}.Debug|Any CPU.ActiveCfg = Development
		{F6D3FE9F-1E7E-4FA9-B2FC-9FF205BA4EBE}.Debug|Any CPU.Build.0 = Development
		{F6D3FE9F-1E7E-4FA9-B2FC-9FF205BA4EBE}.Debug|Any CPU.Deploy.0 = Development
		{F6D3FE9F-1E7E-4FA9-B2FC-9FF205BA4EBE}.Dev ds192|Any CPU.ActiveCfg = Dev ds192
		{F6D3FE9F-1E7E-4FA9-B2FC-9FF205BA4EBE}.Dev ds192|Any CPU.Build.0 = Dev ds192
		{F6D3FE9F-1E7E-4FA9-B2FC-9FF205BA4EBE}.Development|Any CPU.ActiveCfg = Development
		{F6D3FE9F-1E7E-4FA9-B2FC-9FF205BA4EBE}.Development|Any CPU.Build.0 = Development
		{F6D3FE9F-1E7E-4FA9-B2FC-9FF205BA4EBE}.Development|Any CPU.Deploy.0 = Development
		{F6D3FE9F-1E7E-4FA9-B2FC-9FF205BA4EBE}.Release|Any CPU.ActiveCfg = Development
		{F6D3FE9F-1E7E-4FA9-B2FC-9FF205BA4EBE}.Release|Any CPU.Build.0 = Development
		{F6D3FE9F-1E7E-4FA9-B2FC-9FF205BA4EBE}.Release|Any CPU.Deploy.0 = Development
	EndGlobalSection
	GlobalSection(SolutionProperties) = preSolution
		HideSolutionNode = FALSE
	EndGlobalSection
	GlobalSection(ExtensibilityGlobals) = postSolution
		SolutionGuid = {3E50D1D6-24C6-40F0-8BB1-618FC28B7181}
	EndGlobalSection
EndGlobal
